
Microsoft Visual Studio Solution File, Format Version 12.00
# Visual Studio Version 16
VisualStudioVersion = 16.0.29806.167
MinimumVisualStudioVersion = 10.0.40219.1
Project("{FAE04EC0-301F-11D3-BF4B-00C04F79EFBC}") = "Pterodactyl", "Pterodactyl.csproj", "{74F03D25-2367-48B5-8AE7-76923EC6E69E}"
EndProject
Project("{9A19103F-16F7-4668-BE54-9A1E7A4F7556}") = "PterodactylTests", "..\PterodactylTests\PterodactylTests.csproj", "{29A56BBA-3764-4DFF-A958-118C694D1890}"
EndProject
Project("{FAE04EC0-301F-11D3-BF4B-00C04F79EFBC}") = "PterodactylEngine", "..\PterodactylEngine\PterodactylEngine.csproj", "{051E55CA-2599-4A05-83B3-41A86B17BFD9}"
EndProject
Project("{9A19103F-16F7-4668-BE54-9A1E7A4F7556}") = "PterodactylEngineTests", "..\PterodactylEngineTests\PterodactylEngineTests.csproj", "{3BFA51A0-AF31-45B0-8280-C6FB72003BE3}"
EndProject
Project("{FAE04EC0-301F-11D3-BF4B-00C04F79EFBC}") = "PterodactylRh", "..\PterodactylRh\PterodactylRh.csproj", "{02209457-76E7-46A2-87E1-81A1D6CD561C}"
EndProject
Project("{FAE04EC0-301F-11D3-BF4B-00C04F79EFBC}") = "PterodactylCharts", "..\PterodactylCharts\PterodactylCharts.csproj", "{1F4A1C4A-7520-4CE1-931D-2B7E56693F34}"
EndProject
Global
	GlobalSection(SolutionConfigurationPlatforms) = preSolution
		Debug|Any CPU = Debug|Any CPU
		PterodactylEngineTests|Any CPU = PterodactylEngineTests|Any CPU
		Release|Any CPU = Release|Any CPU
	EndGlobalSection
	GlobalSection(ProjectConfigurationPlatforms) = postSolution
		{74F03D25-2367-48B5-8AE7-76923EC6E69E}.Debug|Any CPU.ActiveCfg = Debug|Any CPU
		{74F03D25-2367-48B5-8AE7-76923EC6E69E}.Debug|Any CPU.Build.0 = Debug|Any CPU
		{74F03D25-2367-48B5-8AE7-76923EC6E69E}.PterodactylEngineTests|Any CPU.ActiveCfg = PterodactylEngineTests|Any CPU
		{74F03D25-2367-48B5-8AE7-76923EC6E69E}.PterodactylEngineTests|Any CPU.Build.0 = PterodactylEngineTests|Any CPU
		{74F03D25-2367-48B5-8AE7-76923EC6E69E}.Release|Any CPU.ActiveCfg = Release|Any CPU
		{74F03D25-2367-48B5-8AE7-76923EC6E69E}.Release|Any CPU.Build.0 = Release|Any CPU
		{29A56BBA-3764-4DFF-A958-118C694D1890}.Debug|Any CPU.ActiveCfg = Debug|Any CPU
		{29A56BBA-3764-4DFF-A958-118C694D1890}.Debug|Any CPU.Build.0 = Debug|Any CPU
		{29A56BBA-3764-4DFF-A958-118C694D1890}.PterodactylEngineTests|Any CPU.ActiveCfg = Release|Any CPU
		{29A56BBA-3764-4DFF-A958-118C694D1890}.Release|Any CPU.ActiveCfg = Release|Any CPU
		{29A56BBA-3764-4DFF-A958-118C694D1890}.Release|Any CPU.Build.0 = Release|Any CPU
		{051E55CA-2599-4A05-83B3-41A86B17BFD9}.Debug|Any CPU.ActiveCfg = Debug|Any CPU
		{051E55CA-2599-4A05-83B3-41A86B17BFD9}.Debug|Any CPU.Build.0 = Debug|Any CPU
		{051E55CA-2599-4A05-83B3-41A86B17BFD9}.PterodactylEngineTests|Any CPU.ActiveCfg = PterodactylEngineTests|Any CPU
		{051E55CA-2599-4A05-83B3-41A86B17BFD9}.PterodactylEngineTests|Any CPU.Build.0 = PterodactylEngineTests|Any CPU
		{051E55CA-2599-4A05-83B3-41A86B17BFD9}.Release|Any CPU.ActiveCfg = Release|Any CPU
		{051E55CA-2599-4A05-83B3-41A86B17BFD9}.Release|Any CPU.Build.0 = Release|Any CPU
		{3BFA51A0-AF31-45B0-8280-C6FB72003BE3}.Debug|Any CPU.ActiveCfg = Debug|Any CPU
		{3BFA51A0-AF31-45B0-8280-C6FB72003BE3}.Debug|Any CPU.Build.0 = Debug|Any CPU
		{3BFA51A0-AF31-45B0-8280-C6FB72003BE3}.PterodactylEngineTests|Any CPU.ActiveCfg = Release|Any CPU
		{3BFA51A0-AF31-45B0-8280-C6FB72003BE3}.Release|Any CPU.ActiveCfg = Release|Any CPU
		{3BFA51A0-AF31-45B0-8280-C6FB72003BE3}.Release|Any CPU.Build.0 = Release|Any CPU
		{02209457-76E7-46A2-87E1-81A1D6CD561C}.Debug|Any CPU.ActiveCfg = Debug|Any CPU
		{02209457-76E7-46A2-87E1-81A1D6CD561C}.Debug|Any CPU.Build.0 = Debug|Any CPU
		{02209457-76E7-46A2-87E1-81A1D6CD561C}.PterodactylEngineTests|Any CPU.ActiveCfg = PterodactylEngineTests|Any CPU
		{02209457-76E7-46A2-87E1-81A1D6CD561C}.PterodactylEngineTests|Any CPU.Build.0 = PterodactylEngineTests|Any CPU
		{02209457-76E7-46A2-87E1-81A1D6CD561C}.Release|Any CPU.ActiveCfg = Release|Any CPU
		{02209457-76E7-46A2-87E1-81A1D6CD561C}.Release|Any CPU.Build.0 = Release|Any CPU
		{1F4A1C4A-7520-4CE1-931D-2B7E56693F34}.Debug|Any CPU.ActiveCfg = Debug|Any CPU
		{1F4A1C4A-7520-4CE1-931D-2B7E56693F34}.Debug|Any CPU.Build.0 = Debug|Any CPU
		{1F4A1C4A-7520-4CE1-931D-2B7E56693F34}.PterodactylEngineTests|Any CPU.ActiveCfg = Release|Any CPU
		{1F4A1C4A-7520-4CE1-931D-2B7E56693F34}.PterodactylEngineTests|Any CPU.Build.0 = Release|Any CPU
		{1F4A1C4A-7520-4CE1-931D-2B7E56693F34}.Release|Any CPU.ActiveCfg = Release|Any CPU
		{1F4A1C4A-7520-4CE1-931D-2B7E56693F34}.Release|Any CPU.Build.0 = Release|Any CPU
	EndGlobalSection
	GlobalSection(SolutionProperties) = preSolution
		HideSolutionNode = FALSE
	EndGlobalSection
	GlobalSection(ExtensibilityGlobals) = postSolution
		SolutionGuid = {03953922-1F79-4F4B-8830-F7456C11292D}
	EndGlobalSection
EndGlobal
